{
  "version": "4",
  "remote": {
    "https://deno.land/std@0.152.0/_util/assert.ts": "e94f2eb37cebd7f199952e242c77654e43333c1ac4c5c700e929ea3aa5489f74",
    "https://deno.land/std@0.152.0/_util/os.ts": "3b4c6e27febd119d36a416d7a97bd3b0251b77c88942c8f16ee5953ea13e2e49",
    "https://deno.land/std@0.152.0/path/_constants.ts": "df1db3ffa6dd6d1252cc9617e5d72165cd2483df90e93833e13580687b6083c3",
    "https://deno.land/std@0.152.0/path/_interface.ts": "ee3b431a336b80cf445441109d089b70d87d5e248f4f90ff906820889ecf8d09",
    "https://deno.land/std@0.152.0/path/_util.ts": "c1e9686d0164e29f7d880b2158971d805b6e0efc3110d0b3e24e4b8af2190d2b",
    "https://deno.land/std@0.152.0/path/common.ts": "bee563630abd2d97f99d83c96c2fa0cca7cee103e8cb4e7699ec4d5db7bd2633",
    "https://deno.land/std@0.152.0/path/glob.ts": "cb5255638de1048973c3e69e420c77dc04f75755524cb3b2e160fe9277d939ee",
    "https://deno.land/std@0.152.0/path/mod.ts": "56fec03ad0ebd61b6ab39ddb9b0ddb4c4a5c9f2f4f632e09dd37ec9ebfd722ac",
    "https://deno.land/std@0.152.0/path/posix.ts": "c1f7afe274290ea0b51da07ee205653b2964bd74909a82deb07b69a6cc383aaa",
    "https://deno.land/std@0.152.0/path/separator.ts": "fe1816cb765a8068afb3e8f13ad272351c85cbc739af56dacfc7d93d710fe0f9",
    "https://deno.land/std@0.152.0/path/win32.ts": "bd7549042e37879c68ff2f8576a25950abbfca1d696d41d82c7bca0b7e6f452c",
    "https://deno.land/std@0.176.0/_util/asserts.ts": "178dfc49a464aee693a7e285567b3d0b555dc805ff490505a8aae34f9cfb1462",
    "https://deno.land/std@0.176.0/_util/os.ts": "d932f56d41e4f6a6093d56044e29ce637f8dcc43c5a90af43504a889cf1775e3",
    "https://deno.land/std@0.176.0/encoding/hex.ts": "50f8c95b52eae24395d3dfcb5ec1ced37c5fe7610ef6fffdcc8b0fdc38e3b32f",
    "https://deno.land/std@0.176.0/fmt/colors.ts": "938c5d44d889fb82eff6c358bea8baa7e85950a16c9f6dae3ec3a7a729164471",
    "https://deno.land/std@0.176.0/fs/_util.ts": "65381f341af1ff7f40198cee15c20f59951ac26e51ddc651c5293e24f9ce6f32",
    "https://deno.land/std@0.176.0/fs/copy.ts": "14214efd94fc3aa6db1e4af2b4b9578e50f7362b7f3725d5a14ad259a5df26c8",
    "https://deno.land/std@0.176.0/fs/empty_dir.ts": "c3d2da4c7352fab1cf144a1ecfef58090769e8af633678e0f3fabaef98594688",
    "https://deno.land/std@0.176.0/fs/ensure_dir.ts": "724209875497a6b4628dfb256116e5651c4f7816741368d6c44aab2531a1e603",
    "https://deno.land/std@0.176.0/fs/ensure_file.ts": "c38602670bfaf259d86ca824a94e6cb9e5eb73757fefa4ebf43a90dd017d53d9",
    "https://deno.land/std@0.176.0/fs/ensure_link.ts": "c0f5b2f0ec094ed52b9128eccb1ee23362a617457aa0f699b145d4883f5b2fb4",
    "https://deno.land/std@0.176.0/fs/ensure_symlink.ts": "2955cc8332aeca9bdfefd05d8d3976b94e282b0f353392a71684808ed2ffdd41",
    "https://deno.land/std@0.176.0/fs/eol.ts": "f1f2eb348a750c34500741987b21d65607f352cf7205f48f4319d417fff42842",
    "https://deno.land/std@0.176.0/fs/exists.ts": "b8c8a457b71e9d7f29b9d2f87aad8dba2739cbe637e8926d6ba6e92567875f8e",
    "https://deno.land/std@0.176.0/fs/expand_glob.ts": "45d17e89796a24bd6002e4354eda67b4301bb8ba67d2cac8453cdabccf1d9ab0",
    "https://deno.land/std@0.176.0/fs/mod.ts": "bc3d0acd488cc7b42627044caf47d72019846d459279544e1934418955ba4898",
    "https://deno.land/std@0.176.0/fs/move.ts": "4cb47f880e3f0582c55e71c9f8b1e5e8cfaacb5e84f7390781dd563b7298ec19",
    "https://deno.land/std@0.176.0/fs/walk.ts": "ea95ffa6500c1eda6b365be488c056edc7c883a1db41ef46ec3bf057b1c0fe32",
    "https://deno.land/std@0.176.0/path/_constants.ts": "e49961f6f4f48039c0dfed3c3f93e963ca3d92791c9d478ac5b43183413136e0",
    "https://deno.land/std@0.176.0/path/_interface.ts": "6471159dfbbc357e03882c2266d21ef9afdb1e4aa771b0545e90db58a0ba314b",
    "https://deno.land/std@0.176.0/path/_util.ts": "d7abb1e0dea065f427b89156e28cdeb32b045870acdf865833ba808a73b576d0",
    "https://deno.land/std@0.176.0/path/common.ts": "ee7505ab01fd22de3963b64e46cff31f40de34f9f8de1fff6a1bd2fe79380000",
    "https://deno.land/std@0.176.0/path/glob.ts": "d479e0a695621c94d3fd7fe7abd4f9499caf32a8de13f25073451c6ef420a4e1",
    "https://deno.land/std@0.176.0/path/mod.ts": "4b83694ac500d7d31b0cdafc927080a53dc0c3027eb2895790fb155082b0d232",
    "https://deno.land/std@0.176.0/path/posix.ts": "8b7c67ac338714b30c816079303d0285dd24af6b284f7ad63da5b27372a2c94d",
    "https://deno.land/std@0.176.0/path/separator.ts": "0fb679739d0d1d7bf45b68dacfb4ec7563597a902edbaf3c59b50d5bcadd93b1",
    "https://deno.land/std@0.176.0/path/win32.ts": "d186344e5583bcbf8b18af416d13d82b35a317116e6460a5a3953508c3de5bba",
    "https://deno.land/x/deno_mecab@v1.2.3/mod.ts": "7eb0c68d4353237e035c738b6e76a77b16215c0ec4ac9ac6f22f2026e43f4761",
    "https://deno.land/x/deno_mecab@v1.2.3/src/MeCab.ts": "59e7763c1c9c6a5951b29ef7cbd58408d1690b7341cbf7fba0c7788ffbb2a9f3",
    "https://deno.land/x/deno_mecab@v1.2.3/src/types.ts": "6cf1baa56777491084ff2fe5aaa8ca2f0440643f443e4ebf5fba82b0d8932d5f",
    "https://deno.land/x/openai@v4.69.0/_shims/MultipartBody.ts": "fe06a56b54ae358c9cf99823096e34b36795fdba2e17513f0e9539210edd797d",
    "https://deno.land/x/openai@v4.69.0/_shims/mod.ts": "2e253cb26bfa7060bd37e45626e60e4bf3e7b3fb3e0f559fdfdeef94c73f9372",
    "https://deno.land/x/openai@v4.69.0/_vendor/partial-json-parser/parser.ts": "5ee7caf85edb570fb4b95a81e8fb48fc3c9450b70a46efe7f9c1a2010738d060",
    "https://deno.land/x/openai@v4.69.0/core.ts": "1a22d633616438e05192c7220c2e6206ce16fb1c46316a50ac4b0e786b1617cb",
    "https://deno.land/x/openai@v4.69.0/error.ts": "ffe2c1e6a373a88593c70289b94a44a508a925fde16807e489fa146b538f37de",
    "https://deno.land/x/openai@v4.69.0/internal/decoders/line.ts": "6ca47bdd694f2b96506012aa3f4d23a82d71d44dbe66f6f07d62e4733b161bfb",
    "https://deno.land/x/openai@v4.69.0/internal/qs/formats.ts": "7bbe68548238a984644a723bd045614c5b0e81c1a0ae5c3acc050931442d67d7",
    "https://deno.land/x/openai@v4.69.0/internal/qs/mod.ts": "eab02831aa5e2896d12b824cebf9b2c3a0fc718e8488a05b6d7c2d35895c102a",
    "https://deno.land/x/openai@v4.69.0/internal/qs/stringify.ts": "777514fc7107d6878a8ac80897bd4ca6f9be7ecf67ecf51f57359ec5e7186763",
    "https://deno.land/x/openai@v4.69.0/internal/qs/utils.ts": "9a2ecb6321ed49aa4e6f7cd7a47778365c7c3778283264c7c5e1756bfd7b97d1",
    "https://deno.land/x/openai@v4.69.0/lib/AbstractChatCompletionRunner.ts": "be24ad750e83495a1ec0ea2a6695798f6210e5f939a5d358597f3e46836c7d7c",
    "https://deno.land/x/openai@v4.69.0/lib/AssistantStream.ts": "4d7ab356cc77299e98a5926908ed080de2af0083bba6a1ffeb5509bc8f8d0a9d",
    "https://deno.land/x/openai@v4.69.0/lib/ChatCompletionRunner.ts": "f2038e4b0000d59bdfe601703ca9326085e493ba4b90ed8186a61d75d2377248",
    "https://deno.land/x/openai@v4.69.0/lib/ChatCompletionStream.ts": "4cb95561b01aa471895d398f1461a96c7272b0efd2c010ad1d4b9620a7ae1f47",
    "https://deno.land/x/openai@v4.69.0/lib/ChatCompletionStreamingRunner.ts": "35f8658c5fb354a724f59eca13731523bf565520b5923c00d995b09e2ea9a56f",
    "https://deno.land/x/openai@v4.69.0/lib/EventStream.ts": "14836091490ea45c9d1168dd91c179dbad7757ca7c7f953049f2bce10b0cbf6e",
    "https://deno.land/x/openai@v4.69.0/lib/RunnableFunction.ts": "640a9d35f27b470a95711d841295ccc530b851dec274f9a70bcd12cb04041545",
    "https://deno.land/x/openai@v4.69.0/lib/Util.ts": "aa555aecdbba8b0ae2e8a982a6797cabc0942fa0d2e99ce629d243d9032941b8",
    "https://deno.land/x/openai@v4.69.0/lib/chatCompletionUtils.ts": "4991d3e698a54f8e4273eb0f1d73851f7ba549a0a32fabbcd739627677003cb9",
    "https://deno.land/x/openai@v4.69.0/lib/jsonschema.ts": "ed31a7861e19e505c43aa7612579b2739243ee8e8dd47ccb5f8908fa5ff3b5f0",
    "https://deno.land/x/openai@v4.69.0/lib/parser.ts": "1461923499c521d97bdb7223adc228b3e1073f52d7d7c48822423081b8cc5c0c",
    "https://deno.land/x/openai@v4.69.0/mod.ts": "c6a4cb63aa253223a0de019872b6ec6fdbeb5dcec321e35a520484b3fea91904",
    "https://deno.land/x/openai@v4.69.0/pagination.ts": "02a6737ca6c987cab6effa2788327d022b9e0edc95dd98db0be986383f484e22",
    "https://deno.land/x/openai@v4.69.0/resource.ts": "c496dbda8dc6324d25fcef3d7233310935259d6aa0baf4b0d95039e4913f6380",
    "https://deno.land/x/openai@v4.69.0/resources/audio/audio.ts": "45b72cb5faa51c5823d7cc6b7629887373a0f3ccff6509c2d591ef08f1429a56",
    "https://deno.land/x/openai@v4.69.0/resources/audio/speech.ts": "406fd5cb6d9799dfbad09f4c9156797114550552f63d9a1822846b4e79f1950e",
    "https://deno.land/x/openai@v4.69.0/resources/audio/transcriptions.ts": "c0c9bdfb7a8c118947c70e8bb0d6e3e448c2a7dbf79ebfaa8beca5398dad87cb",
    "https://deno.land/x/openai@v4.69.0/resources/audio/translations.ts": "b09cafa74f0f4e9a6d78a687d898d1d9057556142c7df6d5b469f2693a8911d9",
    "https://deno.land/x/openai@v4.69.0/resources/batches.ts": "c74d0c40fd748fae60107297a10a62a1a98a646ac2a1b20e9be8499bdceeda57",
    "https://deno.land/x/openai@v4.69.0/resources/beta/assistants.ts": "dcf463ceb2424d6cbf8a3785c7d4074226b4a45388567773e5b88d62b81d871b",
    "https://deno.land/x/openai@v4.69.0/resources/beta/beta.ts": "18d141633c9ca356feed84f71789d37a0076f711012de4f0120a50226f9eaf88",
    "https://deno.land/x/openai@v4.69.0/resources/beta/chat/chat.ts": "80dc8786a4b895e9fb152495496f44ac669e95fbb9c2f5a3c0bd379f408b1e1c",
    "https://deno.land/x/openai@v4.69.0/resources/beta/chat/completions.ts": "4599a35da9351cd58ab46e536c3f62e207762f64655786de1f931438c125bf57",
    "https://deno.land/x/openai@v4.69.0/resources/beta/threads/messages.ts": "51acea64463644078110c67e280a49f630a8cefa62d7cff20c8e2e1fa10ebf0d",
    "https://deno.land/x/openai@v4.69.0/resources/beta/threads/runs/runs.ts": "a26a407ef55673e38e6c51abc8623a6469aed59d8a8fdde8706993e54694cb27",
    "https://deno.land/x/openai@v4.69.0/resources/beta/threads/runs/steps.ts": "6c4860df114632ff38fafb2e1dc7485b77dcf88570bc07544016c847db4ed21b",
    "https://deno.land/x/openai@v4.69.0/resources/beta/threads/threads.ts": "e410ba22441ce0d8dcfc155a5b57823189ff77ece733f6e8b932db4f3706f22f",
    "https://deno.land/x/openai@v4.69.0/resources/beta/vector-stores/file-batches.ts": "9b727c0aa5306580bfc0c474ce1871968707dfa3906fba05d737f95cc05af406",
    "https://deno.land/x/openai@v4.69.0/resources/beta/vector-stores/files.ts": "fff8fa00e3df2608741e7b83a95264b3bf9400bf9fe820e2a5ae72d7ea3f0198",
    "https://deno.land/x/openai@v4.69.0/resources/beta/vector-stores/vector-stores.ts": "544bdb83534d746d5577801c092a92e1d515571d68fa6509954089b11e813c91",
    "https://deno.land/x/openai@v4.69.0/resources/chat/chat.ts": "8209074deaa9a91a7c0fb660eba0bf09358c450cb0e9a2c0ed3df902e05658f6",
    "https://deno.land/x/openai@v4.69.0/resources/chat/completions.ts": "86e69cd410849236487f72a2086045c3a350de9b34552c2eb1716252c0f45268",
    "https://deno.land/x/openai@v4.69.0/resources/chat/mod.ts": "5bf995771df8aa7e86c1ede244f3d710841fb60276456e016a2f5fca595f3388",
    "https://deno.land/x/openai@v4.69.0/resources/completions.ts": "eed691559845988ce6ae9149fd4529977addb38174cb94165ebb7fc101fe052d",
    "https://deno.land/x/openai@v4.69.0/resources/embeddings.ts": "f85f38aeb2963535a11065b4a1852e07ab5428ec1b0b7997d3d1027f0d4adc4d",
    "https://deno.land/x/openai@v4.69.0/resources/files.ts": "b3edff249bbd1bd29c4bac1d2d32dfb44e9afbea0cbf31f37b240748059cff55",
    "https://deno.land/x/openai@v4.69.0/resources/fine-tuning/fine-tuning.ts": "5cb89d96fc6d914ae2d68257a4d08a1f12c140c12b7892a14393177ca9c4ca2b",
    "https://deno.land/x/openai@v4.69.0/resources/fine-tuning/jobs/checkpoints.ts": "d5a62d828186fb54b50ac2aa0f82a8f9b0c66a7ece0728e79e30cf6e19251bdf",
    "https://deno.land/x/openai@v4.69.0/resources/fine-tuning/jobs/jobs.ts": "cce555739996ad8611963b2d68d328c757fa1535fa8fc347982ca8fae2d3d7ac",
    "https://deno.land/x/openai@v4.69.0/resources/images.ts": "5774e74b1e88b7ba696272fac83a41c1558737d2640da64bcdfb11ba253b0943",
    "https://deno.land/x/openai@v4.69.0/resources/mod.ts": "feac7be25f772e37663e9764a5c6ba6d95ee8aa44a664e119a858bd8c005f52f",
    "https://deno.land/x/openai@v4.69.0/resources/models.ts": "fc8620e0d93158560be0e941bbb298870c7f85515ec2a411602fb46a1269ea93",
    "https://deno.land/x/openai@v4.69.0/resources/moderations.ts": "b9fb1e5f9597b46628f0181decbbcef7abf54bfbe0f57953669e6c26b45ed6ee",
    "https://deno.land/x/openai@v4.69.0/resources/shared.ts": "79abd8e478551d04209384197e86a7bc390a5a3de5d10b0f60aa67c9af4ad3b4",
    "https://deno.land/x/openai@v4.69.0/resources/uploads/parts.ts": "261610445bbbacdf913aec27d9084dbdd95c524b5eb74c0a3b9cb650d6135584",
    "https://deno.land/x/openai@v4.69.0/resources/uploads/uploads.ts": "6d42e5238aecba708eed1b48ad5eab37d7a9950d06e5f74aa059c8b94cfeff36",
    "https://deno.land/x/openai@v4.69.0/streaming.ts": "cde0b254d2a56e2e737b93a80109bead39ebfe9a44595f4d6625a3e1b56311d0",
    "https://deno.land/x/openai@v4.69.0/uploads.ts": "8dd7822de2fdb6a46be3941af43788000d4a2b56104180403f68999370d04542",
    "https://deno.land/x/openai@v4.69.0/version.ts": "b3c8e3c467769a9a5fc99440804b57eacfa99303e796e22350972a77d67744c2",
    "https://deno.land/x/plug@1.0.1/deps.ts": "35ea2acd5e3e11846817a429b7ef4bec47b80f2d988f5d63797147134cbd35c2",
    "https://deno.land/x/plug@1.0.1/download.ts": "8d6a023ade0806a0653b48cd5f6f8b15fcfaa1dbf2aa1f4bc90fc5732d27b144",
    "https://deno.land/x/plug@1.0.1/mod.ts": "5dec80ee7a3a325be45c03439558531bce7707ac118f4376cebbd6740ff24bfb",
    "https://deno.land/x/plug@1.0.1/types.ts": "d8eb738fc6ed883e6abf77093442c2f0b71af9090f15c7613621d4039e410ee1",
    "https://deno.land/x/plug@1.0.1/util.ts": "5ba8127b9adc36e070b9e22971fb8106869eea1741f452a87b4861e574f13481",
    "https://deno.land/x/sqlite3@0.8.0/deno.json": "61fbd0665a1b48f5e0f1773371d49b776f559cd6c3747a4e674adc3eb423686c",
    "https://deno.land/x/sqlite3@0.8.0/deps.ts": "722c865b9cef27b4cde0bb1ac9ebb08e94c43ad090a7313cea576658ff1e3bb0",
    "https://deno.land/x/sqlite3@0.8.0/mod.ts": "d41b8b30e1b20b537ef4d78cae98d90f6bd65c727b64aa1a18bffbb28f7d6ec3",
    "https://deno.land/x/sqlite3@0.8.0/src/blob.ts": "a956fc0cf4a8c7a21dc3fcb71a07ef773bcd08b5fd72e8ace89b1bfbd031bf06",
    "https://deno.land/x/sqlite3@0.8.0/src/constants.ts": "85fd27aa6e199093f25f5f437052e16fd0e0870b96ca9b24a98e04ddc8b7d006",
    "https://deno.land/x/sqlite3@0.8.0/src/database.ts": "c68c7fdfa7548000ea7e194360cdce86b81b667aab6b0778ea7ed9b74a37b7cb",
    "https://deno.land/x/sqlite3@0.8.0/src/ffi.ts": "d5d5e3b4524cf0b980d23e57b08f75dc0debc7af2e93ff8b00cdc5af52637b31",
    "https://deno.land/x/sqlite3@0.8.0/src/statement.ts": "0b2b3c8b5564ad3c35f2c7d57607e5755c38b23b835e9a46aa1002e68e6ec3a2",
    "https://deno.land/x/sqlite3@0.8.0/src/util.ts": "9627ebecc7a5eb250d2df9386a456a9a9ed7842a20fe32be1ee6b7c663c77bd3",
    "https://deno.land/x/sqlite_vss@v0.1.2/deno.json": "ba39e555cb978139671bea3689ef91281e9f8e50e34bbe3533cdc1b3c28a6d95",
    "https://deno.land/x/sqlite_vss@v0.1.2/mod.ts": "7a611d5519dba78e2d786269331339db0079590b5580224e04b91a0af8df403f",
    "https://deno.land/x/vectorizer@v0.7.5/mod.ts": "5c684ed6f40fa2a07c35edd0e6e2526ca6b74558aaad38b40adb1c89179628b8",
    "https://deno.land/x/vectorizer@v0.7.5/src/constants/stop_words.ts": "08337cc83aec6e203c042e2809af6b54c01c9f896f4518a9bc6c151846692ca7",
    "https://deno.land/x/vectorizer@v0.7.5/src/encoding/categorical.ts": "cfc29ec3680a1b613e273f674d0c733e0e0474c0303bb86a38fcdba0bf84385f",
    "https://deno.land/x/vectorizer@v0.7.5/src/encoding/mod.ts": "8283b314825320b56b69b2b18b27f11b5d0f2d4a8222292d824bd5c4eef51282",
    "https://deno.land/x/vectorizer@v0.7.5/src/image/colors/common.ts": "8088fdc1c4c8e478aa51f1ac5293517fdf29793c428c6494528c8269d5499a29",
    "https://deno.land/x/vectorizer@v0.7.5/src/image/colors/histogram.ts": "ad9522729e502a140166ccbfbb676c24722640e446c79663457a857132c43eea",
    "https://deno.land/x/vectorizer@v0.7.5/src/image/colors/median_cut.ts": "e6e88d12559e853e47435bd67f2fdd625456b344d62c46805c9a9b9e25b4d82d",
    "https://deno.land/x/vectorizer@v0.7.5/src/image/colors/mod.ts": "6a992f1ca93239c8c69d1bfbef51d96bf6f7487a2866e76a7bbccdfa7bb75f89",
    "https://deno.land/x/vectorizer@v0.7.5/src/image/mod.ts": "2f636a6e346d06a46ec6eb655dfe020cbdd261df8cc1790dea14f48eb277cfde",
    "https://deno.land/x/vectorizer@v0.7.5/src/image/patches/patch_2d.ts": "d083d48437c2ea8d3f241186affeed0541eaf99b395a6d9227f0fc85ca69d798",
    "https://deno.land/x/vectorizer@v0.7.5/src/metrics/classification.ts": "b5cada0ebad36d9bbfc1d6d20ee72bc33f65e8ba183b994883b5c4d2d92ff24f",
    "https://deno.land/x/vectorizer@v0.7.5/src/metrics/mod.ts": "7f8f5e21b91308c51a66770ba148ad6d8ab3e32b8283dba404b179f9b4af9f74",
    "https://deno.land/x/vectorizer@v0.7.5/src/metrics/regression.ts": "8fcfd07ee38400fa9674170aa4eac73a07deea691aafbf01df2a13e2c0d94b60",
    "https://deno.land/x/vectorizer@v0.7.5/src/mod.ts": "2727a21f6364999e0008bf2c91d30f4ab0ddfd9a1c1826cd33c134529e125482",
    "https://deno.land/x/vectorizer@v0.7.5/src/text/mod.ts": "a26b3e5976f9a7513b822b6f486a92570a86e17b2434db8f1063bc5335c1e294",
    "https://deno.land/x/vectorizer@v0.7.5/src/text/preprocess/cleaner.ts": "fe052c238e784e189e335187a9fd78e1719c3f7ff58c81519888f609ec25d1f0",
    "https://deno.land/x/vectorizer@v0.7.5/src/text/preprocess/mod.ts": "6d62867455193da10bd461c5e29ee3edeb0f76e3947340147826329064abad3e",
    "https://deno.land/x/vectorizer@v0.7.5/src/text/preprocess/tokenize/mod.ts": "6d30856f7906d0e259eb2aeca35802e11b5c6480c389b62cef1d1877b0938c5d",
    "https://deno.land/x/vectorizer@v0.7.5/src/text/preprocess/tokenize/split.ts": "a0fd7705b09a0832adbcae5773ca2fe1339ad5810d60b0aea14777e3129afde2",
    "https://deno.land/x/vectorizer@v0.7.5/src/text/preprocess/transformer/mod.ts": "58b1c8edc7c2b040b5086a9db18b894f7c8ce7170c028c80e08ae30233734a56",
    "https://deno.land/x/vectorizer@v0.7.5/src/text/preprocess/transformer/tfidf.ts": "a20ec5f9e0de35394a53a4512b297dbe442b6c95802390aa8a9225e3b191e689",
    "https://deno.land/x/vectorizer@v0.7.5/src/text/preprocess/vectorize/count_vectorizer.ts": "a9f698d7a258a2e45ec8df3cd1c76c31b54b46935fa76f69d704664cec82de93",
    "https://deno.land/x/vectorizer@v0.7.5/src/text/preprocess/vectorize/mod.ts": "fd2b7b3157a7e07920bc9b9b051bc740bd122bf1c78fe4be78daa726b599e545",
    "https://deno.land/x/vectorizer@v0.7.5/src/text/preprocess/vectorize/multi_hot.ts": "bef479aa3855608829a49a5fe7cb2cc6250631b724a53f805c63e42608d64290",
    "https://deno.land/x/vectorizer@v0.7.5/src/utils/array/mod.ts": "81f3a45f320f91b3d59d113a8bc2126660af12b3f30f4e38b52b394747bb29ae",
    "https://deno.land/x/vectorizer@v0.7.5/src/utils/array/range.ts": "a72d2355492889e739a1987b5a3a6c859ac71f2601eb67138b58e6983a24d9d1",
    "https://deno.land/x/vectorizer@v0.7.5/src/utils/array/split.ts": "2d57882320b7fe7257845c3921c65470fb6d2691bbf999c9a78325744ecefd6b",
    "https://deno.land/x/vectorizer@v0.7.5/src/utils/array/unique.ts": "d81d591c077ad81123ecf612445bcfc657a409b0e10a1667c184c675d7ee895a",
    "https://deno.land/x/vectorizer@v0.7.5/src/utils/common_types.ts": "c39b8a46c02c6aab2fa45eec0ce45966bf2c28b27c6c0cf401a87466e7d428c6",
    "https://deno.land/x/vectorizer@v0.7.5/src/utils/math.ts": "b0344f82248e2b257079373e3e8db35fd81dc20f1fa0db5f58270a9f0d4c65d6",
    "https://deno.land/x/vectorizer@v0.7.5/src/utils/misc/get_constructor.ts": "f855a955883959f55a0136fa2ee69d4fce23080ec7c2d2919a5f71a9e99f4cf9",
    "https://deno.land/x/vectorizer@v0.7.5/src/utils/misc/image.ts": "c47445a2468fd4d024f4a29f317516ac466fc5eb52e85ae549b0c28be52a8687",
    "https://deno.land/x/vectorizer@v0.7.5/src/utils/misc/matrix.ts": "40527b35b9128780c59bb750b6689b980937ac48501ee822e65348045643ec16",
    "https://deno.land/x/vectorizer@v0.7.5/src/utils/misc/mod.ts": "fbd15edbafe79a54c5051f3d7e7bea582fc25af7db47b7b574eb03a4dccb51e5",
    "https://deno.land/x/vectorizer@v0.7.5/src/utils/misc/tensor.ts": "0ceccec23d4d51ce744d696d81ad64a87d6f806642429a6ed199403677353af2",
    "https://deno.land/x/vectorizer@v0.7.5/src/utils/mod.ts": "0d0506ab587ffd0a47b0b2d05b24a4487858c78bbb036429028c94f5bc4d72a8",
    "https://deno.land/x/vectorizer@v0.7.5/src/utils/random/mod.ts": "8b1d03fd04bad86ece5c1b8b2efa20f56231d9a8bac962cf10571d321d989116",
    "https://deno.land/x/vectorizer@v0.7.5/src/utils/random/normal.ts": "c6f0bac64e0e147f8df6f9882eeb7c0bc335bd7a00e06897c6147118333af497",
    "https://deno.land/x/vectorizer@v0.7.5/src/utils/random/rearrange.ts": "1c1571664845896663b563029f3f2572fccd38c6d92ec3fd11dc6d7ea866cb4b",
    "https://deno.land/x/vectorizer@v0.7.5/src/utils/random/rng.ts": "d71b827a3436664dfcd430c845d6cae50a5b789692c1248afdb9621c32a4d1db",
    "https://deno.land/x/vectorizer@v0.7.5/src/utils/random/shuffle.ts": "66f966851d5b6dd4c81117d32311742c319ea3042aad22a7874d2b10da4e743f",
    "https://deno.land/x/vectorizer@v0.7.5/src/utils/random/weighted.ts": "c4eeb309477ecf431a0b9fd1bf0f04540825194c7ed30ba8c71c9e45e14112e6"
  }
}
